
Microsoft Visual Studio Solution File, Format Version 12.00
# Visual Studio Version 17
VisualStudioVersion = 17.2.32616.157
MinimumVisualStudioVersion = 10.0.40219.1
Project("{FAE04EC0-301F-11D3-BF4B-00C04F79EFBC}") = "Csharp10FeaturesDemo", "Csharp10FeaturesDemo\Csharp10FeaturesDemo.csproj", "{17EED441-0556-4051-8386-C5A69792B600}"
EndProject
Global
	GlobalSection(SolutionConfigurationPlatforms) = preSolution
		Debug|Any CPU = Debug|Any CPU
		Release|Any CPU = Release|Any CPU
	EndGlobalSection
	GlobalSection(ProjectConfigurationPlatforms) = postSolution
		{17EED441-0556-4051-8386-C5A69792B600}.Debug|Any CPU.ActiveCfg = Debug|Any CPU
		{17EED441-0556-4051-8386-C5A69792B600}.Debug|Any CPU.Build.0 = Debug|Any CPU
		{17EED441-0556-4051-8386-C5A69792B600}.Release|Any CPU.ActiveCfg = Release|Any CPU
		{17EED441-0556-4051-8386-C5A69792B600}.Release|Any CPU.Build.0 = Release|Any CPU
	EndGlobalSection
	GlobalSection(SolutionProperties) = preSolution
		HideSolutionNode = FALSE
	EndGlobalSection
	GlobalSection(ExtensibilityGlobals) = postSolution
		SolutionGuid = {35B54EC6-C78A-45BE-B95E-1D65D93CAF5E}
	EndGlobalSection
EndGlobal
