
Microsoft Visual Studio Solution File, Format Version 12.00
# Visual Studio Version 17
VisualStudioVersion = 17.2.32616.157
MinimumVisualStudioVersion = 10.0.40219.1
Project("{FAE04EC0-301F-11D3-BF4B-00C04F79EFBC}") = "Csharp8NewFeatures", "Csharp8NewFeatures\Csharp8NewFeatures.csproj", "{54E0D52E-95F8-4DA5-B2BA-5A0426F4AAF4}"
EndProject
Global
	GlobalSection(SolutionConfigurationPlatforms) = preSolution
		Debug|Any CPU = Debug|Any CPU
		Release|Any CPU = Release|Any CPU
	EndGlobalSection
	GlobalSection(ProjectConfigurationPlatforms) = postSolution
		{54E0D52E-95F8-4DA5-B2BA-5A0426F4AAF4}.Debug|Any CPU.ActiveCfg = Debug|Any CPU
		{54E0D52E-95F8-4DA5-B2BA-5A0426F4AAF4}.Debug|Any CPU.Build.0 = Debug|Any CPU
		{54E0D52E-95F8-4DA5-B2BA-5A0426F4AAF4}.Release|Any CPU.ActiveCfg = Release|Any CPU
		{54E0D52E-95F8-4DA5-B2BA-5A0426F4AAF4}.Release|Any CPU.Build.0 = Release|Any CPU
	EndGlobalSection
	GlobalSection(SolutionProperties) = preSolution
		HideSolutionNode = FALSE
	EndGlobalSection
	GlobalSection(ExtensibilityGlobals) = postSolution
		SolutionGuid = {9D99C4DB-530E-449D-9822-F7E2EE41ED6E}
	EndGlobalSection
EndGlobal
