Microsoft Visual Studio Solution File, Format Version 12.00
# Visual Studio Version 17
VisualStudioVersion = 17.5.2.0
MinimumVisualStudioVersion = 10.0.40219.1
Project("{FAE04EC0-301F-11D3-BF4B-00C04F79EFBC}") = "JwtAuthApi", "JwtAuthApi.csproj", "{9336A777-ACF9-17F0-F586-89951734284D}"
EndProject
Global
	GlobalSection(SolutionConfigurationPlatforms) = preSolution
		Debug|Any CPU = Debug|Any CPU
		Release|Any CPU = Release|Any CPU
	EndGlobalSection
	GlobalSection(ProjectConfigurationPlatforms) = postSolution
		{9336A777-ACF9-17F0-F586-89951734284D}.Debug|Any CPU.ActiveCfg = Debug|Any CPU
		{9336A777-ACF9-17F0-F586-89951734284D}.Debug|Any CPU.Build.0 = Debug|Any CPU
		{9336A777-ACF9-17F0-F586-89951734284D}.Release|Any CPU.ActiveCfg = Release|Any CPU
		{9336A777-ACF9-17F0-F586-89951734284D}.Release|Any CPU.Build.0 = Release|Any CPU
	EndGlobalSection
	GlobalSection(SolutionProperties) = preSolution
		HideSolutionNode = FALSE
	EndGlobalSection
	GlobalSection(ExtensibilityGlobals) = postSolution
		SolutionGuid = {76D27560-5CE7-4676-894B-CE48DC6504A8}
	EndGlobalSection
EndGlobal
