Microsoft Visual Studio Solution File, Format Version 12.00
# Visual Studio Version 17
VisualStudioVersion = 17.5.2.0
MinimumVisualStudioVersion = 10.0.40219.1
Project("{FAE04EC0-301F-11D3-BF4B-00C04F79EFBC}") = "FlipKey", "FlipKey.csproj", "{FE0D8FF9-E2E0-7CA1-D7FE-F58F86079B33}"
EndProject
Global
	GlobalSection(SolutionConfigurationPlatforms) = preSolution
		Debug|Any CPU = Debug|Any CPU
		Release|Any CPU = Release|Any CPU
	EndGlobalSection
	GlobalSection(ProjectConfigurationPlatforms) = postSolution
		{FE0D8FF9-E2E0-7CA1-D7FE-F58F86079B33}.Debug|Any CPU.ActiveCfg = Debug|Any CPU
		{FE0D8FF9-E2E0-7CA1-D7FE-F58F86079B33}.Debug|Any CPU.Build.0 = Debug|Any CPU
		{FE0D8FF9-E2E0-7CA1-D7FE-F58F86079B33}.Release|Any CPU.ActiveCfg = Release|Any CPU
		{FE0D8FF9-E2E0-7CA1-D7FE-F58F86079B33}.Release|Any CPU.Build.0 = Release|Any CPU
	EndGlobalSection
	GlobalSection(SolutionProperties) = preSolution
		HideSolutionNode = FALSE
	EndGlobalSection
	GlobalSection(ExtensibilityGlobals) = postSolution
		SolutionGuid = {451EC2F6-CC6D-4EC2-97B1-6BBC51893ABD}
	EndGlobalSection
EndGlobal
