Microsoft Visual Studio Solution File, Format Version 12.00
# Visual Studio Version 17
VisualStudioVersion = 17.5.2.0
MinimumVisualStudioVersion = 10.0.40219.1
Project("{FAE04EC0-301F-11D3-BF4B-00C04F79EFBC}") = "HazardAnalyzer", "HazardAnalyzer.csproj", "{827DBD8A-A3A9-19BD-6B62-DA345982F376}"
EndProject
Global
	GlobalSection(SolutionConfigurationPlatforms) = preSolution
		Debug|Any CPU = Debug|Any CPU
		Release|Any CPU = Release|Any CPU
	EndGlobalSection
	GlobalSection(ProjectConfigurationPlatforms) = postSolution
		{827DBD8A-A3A9-19BD-6B62-DA345982F376}.Debug|Any CPU.ActiveCfg = Debug|Any CPU
		{827DBD8A-A3A9-19BD-6B62-DA345982F376}.Debug|Any CPU.Build.0 = Debug|Any CPU
		{827DBD8A-A3A9-19BD-6B62-DA345982F376}.Release|Any CPU.ActiveCfg = Release|Any CPU
		{827DBD8A-A3A9-19BD-6B62-DA345982F376}.Release|Any CPU.Build.0 = Release|Any CPU
	EndGlobalSection
	GlobalSection(SolutionProperties) = preSolution
		HideSolutionNode = FALSE
	EndGlobalSection
	GlobalSection(ExtensibilityGlobals) = postSolution
		SolutionGuid = {9EC9F118-3617-4A10-B199-4AC89C4153B8}
	EndGlobalSection
EndGlobal
