Microsoft Visual Studio Solution File, Format Version 12.00
# Visual Studio Version 17
VisualStudioVersion = 17.5.2.0
MinimumVisualStudioVersion = 10.0.40219.1
Project("{FAE04EC0-301F-11D3-BF4B-00C04F79EFBC}") = "C#", "C#.csproj", "{2E31C30B-C799-B3C0-BD31-B6888377430D}"
EndProject
Global
	GlobalSection(SolutionConfigurationPlatforms) = preSolution
		Debug|Any CPU = Debug|Any CPU
		Release|Any CPU = Release|Any CPU
	EndGlobalSection
	GlobalSection(ProjectConfigurationPlatforms) = postSolution
		{2E31C30B-C799-B3C0-BD31-B6888377430D}.Debug|Any CPU.ActiveCfg = Debug|Any CPU
		{2E31C30B-C799-B3C0-BD31-B6888377430D}.Debug|Any CPU.Build.0 = Debug|Any CPU
		{2E31C30B-C799-B3C0-BD31-B6888377430D}.Release|Any CPU.ActiveCfg = Release|Any CPU
		{2E31C30B-C799-B3C0-BD31-B6888377430D}.Release|Any CPU.Build.0 = Release|Any CPU
	EndGlobalSection
	GlobalSection(SolutionProperties) = preSolution
		HideSolutionNode = FALSE
	EndGlobalSection
	GlobalSection(ExtensibilityGlobals) = postSolution
		SolutionGuid = {12B8383D-26ED-40A1-9269-15DF62D37ADD}
	EndGlobalSection
EndGlobal
