
Microsoft Visual Studio Solution File, Format Version 12.00
# Visual Studio Version 17
VisualStudioVersion = 17.8.34525.116
MinimumVisualStudioVersion = 10.0.40219.1
Project("{FAE04EC0-301F-11D3-BF4B-00C04F79EFBC}") = "TupplesDemo", "TupplesDemo\TupplesDemo.csproj", "{941C3E45-95F5-4923-8B33-C0DDCCA56C8B}"
EndProject
Global
	GlobalSection(SolutionConfigurationPlatforms) = preSolution
		Debug|Any CPU = Debug|Any CPU
		Release|Any CPU = Release|Any CPU
	EndGlobalSection
	GlobalSection(ProjectConfigurationPlatforms) = postSolution
		{941C3E45-95F5-4923-8B33-C0DDCCA56C8B}.Debug|Any CPU.ActiveCfg = Debug|Any CPU
		{941C3E45-95F5-4923-8B33-C0DDCCA56C8B}.Debug|Any CPU.Build.0 = Debug|Any CPU
		{941C3E45-95F5-4923-8B33-C0DDCCA56C8B}.Release|Any CPU.ActiveCfg = Release|Any CPU
		{941C3E45-95F5-4923-8B33-C0DDCCA56C8B}.Release|Any CPU.Build.0 = Release|Any CPU
	EndGlobalSection
	GlobalSection(SolutionProperties) = preSolution
		HideSolutionNode = FALSE
	EndGlobalSection
	GlobalSection(ExtensibilityGlobals) = postSolution
		SolutionGuid = {D882E0E6-A719-4C1D-9862-7510DD1E5FEC}
	EndGlobalSection
EndGlobal
