Microsoft Visual Studio Solution File, Format Version 12.00
# Visual Studio Version 17
VisualStudioVersion = 17.5.2.0
MinimumVisualStudioVersion = 10.0.40219.1
Project("{2150E333-8FDC-42A3-9474-1A3956D46DE8}") = "SortedDictionary_Practice_Projects", "SortedDictionary_Practice_Projects", "{3EB800C9-6A57-A636-66AA-73AA3058914D}"
EndProject
Project("{FAE04EC0-301F-11D3-BF4B-00C04F79EFBC}") = "01_PharmacyMedicineSystem", "SortedDictionary_Practice_Projects\01_PharmacyMedicineSystem\01_PharmacyMedicineSystem.csproj", "{F9A4E93A-C129-2E51-7385-A3B06D5F6308}"
EndProject
Project("{FAE04EC0-301F-11D3-BF4B-00C04F79EFBC}") = "02_StudentGPARankingSystem", "SortedDictionary_Practice_Projects\02_StudentGPARankingSystem\02_StudentGPARankingSystem.csproj", "{53AD1365-BD58-C7AA-2A33-28743E8FA045}"
EndProject
Project("{FAE04EC0-301F-11D3-BF4B-00C04F79EFBC}") = "03_BankAccountMonitoringSystem", "SortedDictionary_Practice_Projects\03_BankAccountMonitoringSystem\03_BankAccountMonitoringSystem.csproj", "{E80EEBA0-2D91-88EC-78F0-849B7FD2760E}"
EndProject
Project("{FAE04EC0-301F-11D3-BF4B-00C04F79EFBC}") = "04_LibraryFineManagementSystem", "SortedDictionary_Practice_Projects\04_LibraryFineManagementSystem\04_LibraryFineManagementSystem.csproj", "{E61775C8-AFAC-F04A-9DE5-5F3421AA51B3}"
EndProject
Project("{FAE04EC0-301F-11D3-BF4B-00C04F79EFBC}") = "05_FlightFareManagementSystem", "SortedDictionary_Practice_Projects\05_FlightFareManagementSystem\05_FlightFareManagementSystem.csproj", "{3DEEFD03-7EED-9383-2380-C5FCD25FE765}"
EndProject
Project("{FAE04EC0-301F-11D3-BF4B-00C04F79EFBC}") = "06_ITSupportTicketSystem", "SortedDictionary_Practice_Projects\06_ITSupportTicketSystem\06_ITSupportTicketSystem.csproj", "{5A592E47-63F9-B126-E649-D5428ECAFBAE}"
EndProject
Project("{FAE04EC0-301F-11D3-BF4B-00C04F79EFBC}") = "07_InvestmentRiskSystem", "SortedDictionary_Practice_Projects\07_InvestmentRiskSystem\07_InvestmentRiskSystem.csproj", "{D32D9607-B1ED-53B2-A335-D04061963435}"
EndProject
Project("{FAE04EC0-301F-11D3-BF4B-00C04F79EFBC}") = "08_TrafficViolationSystem", "SortedDictionary_Practice_Projects\08_TrafficViolationSystem\08_TrafficViolationSystem.csproj", "{1D4ED20C-64DE-80EC-584F-2E801C5A3D13}"
EndProject
Project("{FAE04EC0-301F-11D3-BF4B-00C04F79EFBC}") = "09_EcommerceOrderPrioritySystem", "SortedDictionary_Practice_Projects\09_EcommerceOrderPrioritySystem\09_EcommerceOrderPrioritySystem.csproj", "{4F259FDF-936D-43F0-6359-3CFCB4727E0D}"
EndProject
Project("{FAE04EC0-301F-11D3-BF4B-00C04F79EFBC}") = "10_HospitalEmergencySystem", "SortedDictionary_Practice_Projects\10_HospitalEmergencySystem\10_HospitalEmergencySystem.csproj", "{2099F995-6906-8DAB-3780-2B13531CB5A6}"
EndProject
Global
	GlobalSection(SolutionConfigurationPlatforms) = preSolution
		Debug|Any CPU = Debug|Any CPU
		Release|Any CPU = Release|Any CPU
	EndGlobalSection
	GlobalSection(ProjectConfigurationPlatforms) = postSolution
		{F9A4E93A-C129-2E51-7385-A3B06D5F6308}.Debug|Any CPU.ActiveCfg = Debug|Any CPU
		{F9A4E93A-C129-2E51-7385-A3B06D5F6308}.Debug|Any CPU.Build.0 = Debug|Any CPU
		{F9A4E93A-C129-2E51-7385-A3B06D5F6308}.Release|Any CPU.ActiveCfg = Release|Any CPU
		{F9A4E93A-C129-2E51-7385-A3B06D5F6308}.Release|Any CPU.Build.0 = Release|Any CPU
		{53AD1365-BD58-C7AA-2A33-28743E8FA045}.Debug|Any CPU.ActiveCfg = Debug|Any CPU
		{53AD1365-BD58-C7AA-2A33-28743E8FA045}.Debug|Any CPU.Build.0 = Debug|Any CPU
		{53AD1365-BD58-C7AA-2A33-28743E8FA045}.Release|Any CPU.ActiveCfg = Release|Any CPU
		{53AD1365-BD58-C7AA-2A33-28743E8FA045}.Release|Any CPU.Build.0 = Release|Any CPU
		{E80EEBA0-2D91-88EC-78F0-849B7FD2760E}.Debug|Any CPU.ActiveCfg = Debug|Any CPU
		{E80EEBA0-2D91-88EC-78F0-849B7FD2760E}.Debug|Any CPU.Build.0 = Debug|Any CPU
		{E80EEBA0-2D91-88EC-78F0-849B7FD2760E}.Release|Any CPU.ActiveCfg = Release|Any CPU
		{E80EEBA0-2D91-88EC-78F0-849B7FD2760E}.Release|Any CPU.Build.0 = Release|Any CPU
		{E61775C8-AFAC-F04A-9DE5-5F3421AA51B3}.Debug|Any CPU.ActiveCfg = Debug|Any CPU
		{E61775C8-AFAC-F04A-9DE5-5F3421AA51B3}.Debug|Any CPU.Build.0 = Debug|Any CPU
		{E61775C8-AFAC-F04A-9DE5-5F3421AA51B3}.Release|Any CPU.ActiveCfg = Release|Any CPU
		{E61775C8-AFAC-F04A-9DE5-5F3421AA51B3}.Release|Any CPU.Build.0 = Release|Any CPU
		{3DEEFD03-7EED-9383-2380-C5FCD25FE765}.Debug|Any CPU.ActiveCfg = Debug|Any CPU
		{3DEEFD03-7EED-9383-2380-C5FCD25FE765}.Debug|Any CPU.Build.0 = Debug|Any CPU
		{3DEEFD03-7EED-9383-2380-C5FCD25FE765}.Release|Any CPU.ActiveCfg = Release|Any CPU
		{3DEEFD03-7EED-9383-2380-C5FCD25FE765}.Release|Any CPU.Build.0 = Release|Any CPU
		{5A592E47-63F9-B126-E649-D5428ECAFBAE}.Debug|Any CPU.ActiveCfg = Debug|Any CPU
		{5A592E47-63F9-B126-E649-D5428ECAFBAE}.Debug|Any CPU.Build.0 = Debug|Any CPU
		{5A592E47-63F9-B126-E649-D5428ECAFBAE}.Release|Any CPU.ActiveCfg = Release|Any CPU
		{5A592E47-63F9-B126-E649-D5428ECAFBAE}.Release|Any CPU.Build.0 = Release|Any CPU
		{D32D9607-B1ED-53B2-A335-D04061963435}.Debug|Any CPU.ActiveCfg = Debug|Any CPU
		{D32D9607-B1ED-53B2-A335-D04061963435}.Debug|Any CPU.Build.0 = Debug|Any CPU
		{D32D9607-B1ED-53B2-A335-D04061963435}.Release|Any CPU.ActiveCfg = Release|Any CPU
		{D32D9607-B1ED-53B2-A335-D04061963435}.Release|Any CPU.Build.0 = Release|Any CPU
		{1D4ED20C-64DE-80EC-584F-2E801C5A3D13}.Debug|Any CPU.ActiveCfg = Debug|Any CPU
		{1D4ED20C-64DE-80EC-584F-2E801C5A3D13}.Debug|Any CPU.Build.0 = Debug|Any CPU
		{1D4ED20C-64DE-80EC-584F-2E801C5A3D13}.Release|Any CPU.ActiveCfg = Release|Any CPU
		{1D4ED20C-64DE-80EC-584F-2E801C5A3D13}.Release|Any CPU.Build.0 = Release|Any CPU
		{4F259FDF-936D-43F0-6359-3CFCB4727E0D}.Debug|Any CPU.ActiveCfg = Debug|Any CPU
		{4F259FDF-936D-43F0-6359-3CFCB4727E0D}.Debug|Any CPU.Build.0 = Debug|Any CPU
		{4F259FDF-936D-43F0-6359-3CFCB4727E0D}.Release|Any CPU.ActiveCfg = Release|Any CPU
		{4F259FDF-936D-43F0-6359-3CFCB4727E0D}.Release|Any CPU.Build.0 = Release|Any CPU
		{2099F995-6906-8DAB-3780-2B13531CB5A6}.Debug|Any CPU.ActiveCfg = Debug|Any CPU
		{2099F995-6906-8DAB-3780-2B13531CB5A6}.Debug|Any CPU.Build.0 = Debug|Any CPU
		{2099F995-6906-8DAB-3780-2B13531CB5A6}.Release|Any CPU.ActiveCfg = Release|Any CPU
		{2099F995-6906-8DAB-3780-2B13531CB5A6}.Release|Any CPU.Build.0 = Release|Any CPU
	EndGlobalSection
	GlobalSection(SolutionProperties) = preSolution
		HideSolutionNode = FALSE
	EndGlobalSection
	GlobalSection(NestedProjects) = preSolution
		{F9A4E93A-C129-2E51-7385-A3B06D5F6308} = {3EB800C9-6A57-A636-66AA-73AA3058914D}
		{53AD1365-BD58-C7AA-2A33-28743E8FA045} = {3EB800C9-6A57-A636-66AA-73AA3058914D}
		{E80EEBA0-2D91-88EC-78F0-849B7FD2760E} = {3EB800C9-6A57-A636-66AA-73AA3058914D}
		{E61775C8-AFAC-F04A-9DE5-5F3421AA51B3} = {3EB800C9-6A57-A636-66AA-73AA3058914D}
		{3DEEFD03-7EED-9383-2380-C5FCD25FE765} = {3EB800C9-6A57-A636-66AA-73AA3058914D}
		{5A592E47-63F9-B126-E649-D5428ECAFBAE} = {3EB800C9-6A57-A636-66AA-73AA3058914D}
		{D32D9607-B1ED-53B2-A335-D04061963435} = {3EB800C9-6A57-A636-66AA-73AA3058914D}
		{1D4ED20C-64DE-80EC-584F-2E801C5A3D13} = {3EB800C9-6A57-A636-66AA-73AA3058914D}
		{4F259FDF-936D-43F0-6359-3CFCB4727E0D} = {3EB800C9-6A57-A636-66AA-73AA3058914D}
		{2099F995-6906-8DAB-3780-2B13531CB5A6} = {3EB800C9-6A57-A636-66AA-73AA3058914D}
	EndGlobalSection
	GlobalSection(ExtensibilityGlobals) = postSolution
		SolutionGuid = {E38BD4F2-D113-4F8B-AFDA-B00B2C16541F}
	EndGlobalSection
EndGlobal
