Microsoft Visual Studio Solution File, Format Version 12.00
# Visual Studio Version 17
VisualStudioVersion = 17.5.2.0
MinimumVisualStudioVersion = 10.0.40219.1
Project("{FAE04EC0-301F-11D3-BF4B-00C04F79EFBC}") = "Day3Demo", "Day3Demo.csproj", "{8913BF3C-F25C-2AD7-B46B-5A910D26A593}"
EndProject
Global
	GlobalSection(SolutionConfigurationPlatforms) = preSolution
		Debug|Any CPU = Debug|Any CPU
		Release|Any CPU = Release|Any CPU
	EndGlobalSection
	GlobalSection(ProjectConfigurationPlatforms) = postSolution
		{8913BF3C-F25C-2AD7-B46B-5A910D26A593}.Debug|Any CPU.ActiveCfg = Debug|Any CPU
		{8913BF3C-F25C-2AD7-B46B-5A910D26A593}.Debug|Any CPU.Build.0 = Debug|Any CPU
		{8913BF3C-F25C-2AD7-B46B-5A910D26A593}.Release|Any CPU.ActiveCfg = Release|Any CPU
		{8913BF3C-F25C-2AD7-B46B-5A910D26A593}.Release|Any CPU.Build.0 = Release|Any CPU
	EndGlobalSection
	GlobalSection(SolutionProperties) = preSolution
		HideSolutionNode = FALSE
	EndGlobalSection
	GlobalSection(ExtensibilityGlobals) = postSolution
		SolutionGuid = {C7D9F4CD-2F6D-4CE2-AEAE-64325DD03DAB}
	EndGlobalSection
EndGlobal
