<Solution>
  <Project Path="D:/MyData/Capgemini/Training/.NET Training/Assignments/NUnit/TestingDemo/NUnitTestDemo/NUnitTestDemo.csproj" />
  <Project Path="D:/MyData/Capgemini/Training/.NET Training/Assignments/NUnit/TestingDemo/SampleProject2/SampleProject2.csproj" Id="79b9714e-0f52-44d2-8d45-7b38a6ace38a" />
</Solution>
