Microsoft Visual Studio Solution File, Format Version 12.00
# Visual Studio Version 17
VisualStudioVersion = 17.5.2.0
MinimumVisualStudioVersion = 10.0.40219.1
Project("{FAE04EC0-301F-11D3-BF4B-00C04F79EFBC}") = "GenericLinq", "GenericLinq.csproj", "{BF8500F0-8ECC-58D4-92D4-4F08AB69AA54}"
EndProject
Global
	GlobalSection(SolutionConfigurationPlatforms) = preSolution
		Debug|Any CPU = Debug|Any CPU
		Release|Any CPU = Release|Any CPU
	EndGlobalSection
	GlobalSection(ProjectConfigurationPlatforms) = postSolution
		{BF8500F0-8ECC-58D4-92D4-4F08AB69AA54}.Debug|Any CPU.ActiveCfg = Debug|Any CPU
		{BF8500F0-8ECC-58D4-92D4-4F08AB69AA54}.Debug|Any CPU.Build.0 = Debug|Any CPU
		{BF8500F0-8ECC-58D4-92D4-4F08AB69AA54}.Release|Any CPU.ActiveCfg = Release|Any CPU
		{BF8500F0-8ECC-58D4-92D4-4F08AB69AA54}.Release|Any CPU.Build.0 = Release|Any CPU
	EndGlobalSection
	GlobalSection(SolutionProperties) = preSolution
		HideSolutionNode = FALSE
	EndGlobalSection
	GlobalSection(ExtensibilityGlobals) = postSolution
		SolutionGuid = {9BA462B1-BD54-4FB1-8FE9-762C367AE7C0}
	EndGlobalSection
EndGlobal
