Microsoft Visual Studio Solution File, Format Version 12.00
# Visual Studio Version 17
VisualStudioVersion = 17.5.2.0
MinimumVisualStudioVersion = 10.0.40219.1
Project("{FAE04EC0-301F-11D3-BF4B-00C04F79EFBC}") = "ClassAssignment1", "ClassAssignment1.csproj", "{BB498D63-DD88-8BC9-FBFC-41DD04900383}"
EndProject
Global
	GlobalSection(SolutionConfigurationPlatforms) = preSolution
		Debug|Any CPU = Debug|Any CPU
		Release|Any CPU = Release|Any CPU
	EndGlobalSection
	GlobalSection(ProjectConfigurationPlatforms) = postSolution
		{BB498D63-DD88-8BC9-FBFC-41DD04900383}.Debug|Any CPU.ActiveCfg = Debug|Any CPU
		{BB498D63-DD88-8BC9-FBFC-41DD04900383}.Debug|Any CPU.Build.0 = Debug|Any CPU
		{BB498D63-DD88-8BC9-FBFC-41DD04900383}.Release|Any CPU.ActiveCfg = Release|Any CPU
		{BB498D63-DD88-8BC9-FBFC-41DD04900383}.Release|Any CPU.Build.0 = Release|Any CPU
	EndGlobalSection
	GlobalSection(SolutionProperties) = preSolution
		HideSolutionNode = FALSE
	EndGlobalSection
	GlobalSection(ExtensibilityGlobals) = postSolution
		SolutionGuid = {8E42C877-1D8D-49C2-9D68-E5483CBAEA6D}
	EndGlobalSection
EndGlobal
