Microsoft Visual Studio Solution File, Format Version 12.00
# Visual Studio Version 17
VisualStudioVersion = 17.5.2.0
MinimumVisualStudioVersion = 10.0.40219.1
Project("{FAE04EC0-301F-11D3-BF4B-00C04F79EFBC}") = "MediSure", "MediSure.csproj", "{1A281D61-92E5-3FA7-DBC2-4339132B0332}"
EndProject
Global
	GlobalSection(SolutionConfigurationPlatforms) = preSolution
		Debug|Any CPU = Debug|Any CPU
		Release|Any CPU = Release|Any CPU
	EndGlobalSection
	GlobalSection(ProjectConfigurationPlatforms) = postSolution
		{1A281D61-92E5-3FA7-DBC2-4339132B0332}.Debug|Any CPU.ActiveCfg = Debug|Any CPU
		{1A281D61-92E5-3FA7-DBC2-4339132B0332}.Debug|Any CPU.Build.0 = Debug|Any CPU
		{1A281D61-92E5-3FA7-DBC2-4339132B0332}.Release|Any CPU.ActiveCfg = Release|Any CPU
		{1A281D61-92E5-3FA7-DBC2-4339132B0332}.Release|Any CPU.Build.0 = Release|Any CPU
	EndGlobalSection
	GlobalSection(SolutionProperties) = preSolution
		HideSolutionNode = FALSE
	EndGlobalSection
	GlobalSection(ExtensibilityGlobals) = postSolution
		SolutionGuid = {C4BC04C5-24D1-42A8-9043-EAFFEBE84532}
	EndGlobalSection
EndGlobal
