Microsoft Visual Studio Solution File, Format Version 12.00
# Visual Studio Version 18
VisualStudioVersion = 18.1.11312.151 d18.0
MinimumVisualStudioVersion = 10.0.40219.1
Project("{FAE04EC0-301F-11D3-BF4B-00C04F79EFBC}") = "TestingDemo", "TestingDemo.csproj", "{E9CC41A5-F53D-65E9-8201-95BA7C142E0C}"
EndProject
Project("{FAE04EC0-301F-11D3-BF4B-00C04F79EFBC}") = "TestProject", "..\TestProject\TestProject.csproj", "{567E2A5E-FAAB-4BA1-9715-F8C26771093D}"
EndProject
Global
	GlobalSection(SolutionConfigurationPlatforms) = preSolution
		Debug|Any CPU = Debug|Any CPU
		Release|Any CPU = Release|Any CPU
	EndGlobalSection
	GlobalSection(ProjectConfigurationPlatforms) = postSolution
		{E9CC41A5-F53D-65E9-8201-95BA7C142E0C}.Debug|Any CPU.ActiveCfg = Debug|Any CPU
		{E9CC41A5-F53D-65E9-8201-95BA7C142E0C}.Debug|Any CPU.Build.0 = Debug|Any CPU
		{E9CC41A5-F53D-65E9-8201-95BA7C142E0C}.Release|Any CPU.ActiveCfg = Release|Any CPU
		{E9CC41A5-F53D-65E9-8201-95BA7C142E0C}.Release|Any CPU.Build.0 = Release|Any CPU
		{567E2A5E-FAAB-4BA1-9715-F8C26771093D}.Debug|Any CPU.ActiveCfg = Debug|Any CPU
		{567E2A5E-FAAB-4BA1-9715-F8C26771093D}.Debug|Any CPU.Build.0 = Debug|Any CPU
		{567E2A5E-FAAB-4BA1-9715-F8C26771093D}.Release|Any CPU.ActiveCfg = Release|Any CPU
		{567E2A5E-FAAB-4BA1-9715-F8C26771093D}.Release|Any CPU.Build.0 = Release|Any CPU
	EndGlobalSection
	GlobalSection(SolutionProperties) = preSolution
		HideSolutionNode = FALSE
	EndGlobalSection
	GlobalSection(ExtensibilityGlobals) = postSolution
		SolutionGuid = {098CA97A-2A81-40EB-8FA7-7F6D3A0B5F20}
	EndGlobalSection
EndGlobal
